
Microsoft Visual Studio Solution File, Format Version 12.00
# Visual Studio Version 17
VisualStudioVersion = 17.12.35728.132
MinimumVisualStudioVersion = 10.0.40219.1
Project("{FAE04EC0-301F-11D3-BF4B-00C04F79EFBC}") = "ATbluePandaSDK", "ATbluePandaSDK\ATbluePandaSDK.csproj", "{EEC3702A-B59B-41FB-A3CA-704259217E31}"
EndProject
Project("{FAE04EC0-301F-11D3-BF4B-00C04F79EFBC}") = "TestATbluePandaSDK", "TestATbluePandaSDK\TestATbluePandaSDK.csproj", "{0BC4113A-7CF7-478D-BFCB-DB2FC2D430E3}"
EndProject
Project("{FAE04EC0-301F-11D3-BF4B-00C04F79EFBC}") = "ConsoleApp", "ConsoleApp\ConsoleApp.csproj", "{7C7D4CD9-350E-426F-8FCB-A2654F59CBF1}"
EndProject
Global
	GlobalSection(SolutionConfigurationPlatforms) = preSolution
		Debug|Any CPU = Debug|Any CPU
		Release|Any CPU = Release|Any CPU
	EndGlobalSection
	GlobalSection(ProjectConfigurationPlatforms) = postSolution
		{EEC3702A-B59B-41FB-A3CA-704259217E31}.Debug|Any CPU.ActiveCfg = Debug|Any CPU
		{EEC3702A-B59B-41FB-A3CA-704259217E31}.Debug|Any CPU.Build.0 = Debug|Any CPU
		{EEC3702A-B59B-41FB-A3CA-704259217E31}.Release|Any CPU.ActiveCfg = Release|Any CPU
		{EEC3702A-B59B-41FB-A3CA-704259217E31}.Release|Any CPU.Build.0 = Release|Any CPU
		{0BC4113A-7CF7-478D-BFCB-DB2FC2D430E3}.Debug|Any CPU.ActiveCfg = Debug|Any CPU
		{0BC4113A-7CF7-478D-BFCB-DB2FC2D430E3}.Debug|Any CPU.Build.0 = Debug|Any CPU
		{0BC4113A-7CF7-478D-BFCB-DB2FC2D430E3}.Release|Any CPU.ActiveCfg = Release|Any CPU
		{0BC4113A-7CF7-478D-BFCB-DB2FC2D430E3}.Release|Any CPU.Build.0 = Release|Any CPU
		{7C7D4CD9-350E-426F-8FCB-A2654F59CBF1}.Debug|Any CPU.ActiveCfg = Debug|Any CPU
		{7C7D4CD9-350E-426F-8FCB-A2654F59CBF1}.Debug|Any CPU.Build.0 = Debug|Any CPU
		{7C7D4CD9-350E-426F-8FCB-A2654F59CBF1}.Release|Any CPU.ActiveCfg = Release|Any CPU
		{7C7D4CD9-350E-426F-8FCB-A2654F59CBF1}.Release|Any CPU.Build.0 = Release|Any CPU
	EndGlobalSection
	GlobalSection(SolutionProperties) = preSolution
		HideSolutionNode = FALSE
	EndGlobalSection
EndGlobal
